
Microsoft Visual Studio Solution File, Format Version 12.00
# Visual Studio Version 17
VisualStudioVersion = 17.13.35825.156 d17.13
MinimumVisualStudioVersion = 10.0.40219.1
Project("{FAE04EC0-301F-11D3-BF4B-00C04F79EFBC}") = "ejer 1", "ejer 1.csproj", "{A7245768-5D8A-4034-AC8C-64873B737AD7}"
EndProject
Global
	GlobalSection(SolutionConfigurationPlatforms) = preSolution
		Debug|Any CPU = Debug|Any CPU
		Release|Any CPU = Release|Any CPU
	EndGlobalSection
	GlobalSection(ProjectConfigurationPlatforms) = postSolution
		{A7245768-5D8A-4034-AC8C-64873B737AD7}.Debug|Any CPU.ActiveCfg = Debug|Any CPU
		{A7245768-5D8A-4034-AC8C-64873B737AD7}.Debug|Any CPU.Build.0 = Debug|Any CPU
		{A7245768-5D8A-4034-AC8C-64873B737AD7}.Release|Any CPU.ActiveCfg = Release|Any CPU
		{A7245768-5D8A-4034-AC8C-64873B737AD7}.Release|Any CPU.Build.0 = Release|Any CPU
	EndGlobalSection
	GlobalSection(SolutionProperties) = preSolution
		HideSolutionNode = FALSE
	EndGlobalSection
	GlobalSection(ExtensibilityGlobals) = postSolution
		SolutionGuid = {21B543CA-5AD4-4032-8326-4C979D9BD653}
	EndGlobalSection
EndGlobal
